
Microsoft Visual Studio Solution File, Format Version 12.00
# Visual Studio 15
VisualStudioVersion = 15.0.28010.2016
MinimumVisualStudioVersion = 10.0.40219.1
Project("{8BC9CEB8-8B4A-11D0-8D11-00A0C91BC942}") = "MainProject", "Quiz2.vcxproj", "{5CF6A7C0-1A44-4A62-A113-EB5BEECDCE09}"
EndProject
Project("{2150E333-8FDC-42A3-9474-1A3956D46DE8}") = "Solution Items", "Solution Items", "{B5725830-DC97-4229-96AB-EAA7AA51E6F9}"
	ProjectSection(SolutionItems) = preProject
		particles.h = particles.h
	EndProjectSection
EndProject
Global
	GlobalSection(SolutionConfigurationPlatforms) = preSolution
		Debug|x64 = Debug|x64
		Debug|x86 = Debug|x86
		Release|x64 = Release|x64
		Release|x86 = Release|x86
	EndGlobalSection
	GlobalSection(ProjectConfigurationPlatforms) = postSolution
		{5CF6A7C0-1A44-4A62-A113-EB5BEECDCE09}.Debug|x64.ActiveCfg = Debug|Win32
		{5CF6A7C0-1A44-4A62-A113-EB5BEECDCE09}.Debug|x64.Build.0 = Debug|Win32
		{5CF6A7C0-1A44-4A62-A113-EB5BEECDCE09}.Debug|x86.ActiveCfg = Debug|Win32
		{5CF6A7C0-1A44-4A62-A113-EB5BEECDCE09}.Debug|x86.Build.0 = Debug|Win32
		{5CF6A7C0-1A44-4A62-A113-EB5BEECDCE09}.Release|x64.ActiveCfg = Release|x64
		{5CF6A7C0-1A44-4A62-A113-EB5BEECDCE09}.Release|x64.Build.0 = Release|x64
		{5CF6A7C0-1A44-4A62-A113-EB5BEECDCE09}.Release|x86.ActiveCfg = Release|Win32
		{5CF6A7C0-1A44-4A62-A113-EB5BEECDCE09}.Release|x86.Build.0 = Release|Win32
	EndGlobalSection
	GlobalSection(SolutionProperties) = preSolution
		HideSolutionNode = FALSE
	EndGlobalSection
	GlobalSection(ExtensibilityGlobals) = postSolution
		SolutionGuid = {AD2EF39D-484F-40F4-ACF9-7F0F88269F38}
	EndGlobalSection
EndGlobal
